
Microsoft Visual Studio Solution File, Format Version 12.00
# Visual Studio Version 17
VisualStudioVersion = 17.11.35312.102
MinimumVisualStudioVersion = 10.0.40219.1
Project("{FAE04EC0-301F-11D3-BF4B-00C04F79EFBC}") = "Aula07", "Aula07.csproj", "{D8B03B22-AA31-4488-B6D3-0B3CB7D8C810}"
EndProject
Global
	GlobalSection(SolutionConfigurationPlatforms) = preSolution
		Debug|Any CPU = Debug|Any CPU
		Release|Any CPU = Release|Any CPU
	EndGlobalSection
	GlobalSection(ProjectConfigurationPlatforms) = postSolution
		{D8B03B22-AA31-4488-B6D3-0B3CB7D8C810}.Debug|Any CPU.ActiveCfg = Debug|Any CPU
		{D8B03B22-AA31-4488-B6D3-0B3CB7D8C810}.Debug|Any CPU.Build.0 = Debug|Any CPU
		{D8B03B22-AA31-4488-B6D3-0B3CB7D8C810}.Release|Any CPU.ActiveCfg = Release|Any CPU
		{D8B03B22-AA31-4488-B6D3-0B3CB7D8C810}.Release|Any CPU.Build.0 = Release|Any CPU
	EndGlobalSection
	GlobalSection(SolutionProperties) = preSolution
		HideSolutionNode = FALSE
	EndGlobalSection
	GlobalSection(ExtensibilityGlobals) = postSolution
		SolutionGuid = {EC78300D-ED33-4713-8398-33E72804F300}
	EndGlobalSection
EndGlobal
